// !$*UTF8*$!
{
	archiveVersion = 1;
	classes = {
	};
	objectVersion = 46;
	objects = {

/* Begin PBXBuildFile section */
		4C39D5831EC6410600A4F9A5 /* GoogleService-Info.plist in Resources */ = {isa = PBXBuildFile; fileRef = 4C39D5821EC6410600A4F9A5 /* GoogleService-Info.plist */; };
		4CB1CCC11EC7518F00F0C7E5 /* forgotPassword.swift in Sources */ = {isa = PBXBuildFile; fileRef = 4CB1CCC01EC7518F00F0C7E5 /* forgotPassword.swift */; };
		4CBC5BFB1EB772E200593827 /* AppDelegate.swift in Sources */ = {isa = PBXBuildFile; fileRef = 4CBC5BFA1EB772E200593827 /* AppDelegate.swift */; };
		4CBC5BFD1EB772E200593827 /* ViewController.swift in Sources */ = {isa = PBXBuildFile; fileRef = 4CBC5BFC1EB772E200593827 /* ViewController.swift */; };
		4CBC5C001EB772E200593827 /* Main.storyboard in Resources */ = {isa = PBXBuildFile; fileRef = 4CBC5BFE1EB772E200593827 /* Main.storyboard */; };
		4CBC5C021EB772E200593827 /* Assets.xcassets in Resources */ = {isa = PBXBuildFile; fileRef = 4CBC5C011EB772E200593827 /* Assets.xcassets */; };
		4CBC5C051EB772E200593827 /* LaunchScreen.storyboard in Resources */ = {isa = PBXBuildFile; fileRef = 4CBC5C031EB772E200593827 /* LaunchScreen.storyboard */; };
		4CBC5C101EB772E200593827 /* loginandpasswordTests.swift in Sources */ = {isa = PBXBuildFile; fileRef = 4CBC5C0F1EB772E200593827 /* loginandpasswordTests.swift */; };
		4CBC5C1B1EB772E200593827 /* loginandpasswordUITests.swift in Sources */ = {isa = PBXBuildFile; fileRef = 4CBC5C1A1EB772E200593827 /* loginandpasswordUITests.swift */; };
		BE303B526A2039848C29DFF4 /* Pods_loginandpassword.framework in Frameworks */ = {isa = PBXBuildFile; fileRef = 88764468E7DE090DA9D4B87D /* Pods_loginandpassword.framework */; };
		F493D2E5DAB329DCA4C04694 /* Pods_loginandpasswordTests.framework in Frameworks */ = {isa = PBXBuildFile; fileRef = 9152173771B3DF1D3C33AEAA /* Pods_loginandpasswordTests.framework */; };
		FB79DEF5CE872FBC61BE6AE3 /* Pods_loginandpasswordUITests.framework in Frameworks */ = {isa = PBXBuildFile; fileRef = D9EDE95DBA76D2982EF41AD0 /* Pods_loginandpasswordUITests.framework */; };
/* End PBXBuildFile section */

/* Begin PBXContainerItemProxy section */
		4CBC5C0C1EB772E200593827 /* PBXContainerItemProxy */ = {
			isa = PBXContainerItemProxy;
			containerPortal = 4CBC5BEF1EB772E200593827 /* Project object */;
			proxyType = 1;
			remoteGlobalIDString = 4CBC5BF61EB772E200593827;
			remoteInfo = loginandpassword;
		};
		4CBC5C171EB772E200593827 /* PBXContainerItemProxy */ = {
			isa = PBXContainerItemProxy;
			containerPortal = 4CBC5BEF1EB772E200593827 /* Project object */;
			proxyType = 1;
			remoteGlobalIDString = 4CBC5BF61EB772E200593827;
			remoteInfo = loginandpassword;
		};
/* End PBXContainerItemProxy section */

/* Begin PBXFileReference section */
		4C39D5821EC6410600A4F9A5 /* GoogleService-Info.plist */ = {isa = PBXFileReference; fileEncoding = 4; lastKnownFileType = text.plist.xml; path = "GoogleService-Info.plist"; sourceTree = "<group>"; };
		4CB1CCC01EC7518F00F0C7E5 /* forgotPassword.swift */ = {isa = PBXFileReference; fileEncoding = 4; lastKnownFileType = sourcecode.swift; path = forgotPassword.swift; sourceTree = "<group>"; };
		4CBC5BF71EB772E200593827 /* loginandpassword.app */ = {isa = PBXFileReference; explicitFileType = wrapper.application; includeInIndex = 0; path = loginandpassword.app; sourceTree = BUILT_PRODUCTS_DIR; };
		4CBC5BFA1EB772E200593827 /* AppDelegate.swift */ = {isa = PBXFileReference; lastKnownFileType = sourcecode.swift; path = AppDelegate.swift; sourceTree = "<group>"; };
		4CBC5BFC1EB772E200593827 /* ViewController.swift */ = {isa = PBXFileReference; lastKnownFileType = sourcecode.swift; path = ViewController.swift; sourceTree = "<group>"; };
		4CBC5BFF1EB772E200593827 /* Base */ = {isa = PBXFileReference; lastKnownFileType = file.storyboard; name = Base; path = Base.lproj/Main.storyboard; sourceTree = "<group>"; };
		4CBC5C011EB772E200593827 /* Assets.xcassets */ = {isa = PBXFileReference; lastKnownFileType = folder.assetcatalog; path = Assets.xcassets; sourceTree = "<group>"; };
		4CBC5C041EB772E200593827 /* Base */ = {isa = PBXFileReference; lastKnownFileType = file.storyboard; name = Base; path = Base.lproj/LaunchScreen.storyboard; sourceTree = "<group>"; };
		4CBC5C061EB772E200593827 /* Info.plist */ = {isa = PBXFileReference; lastKnownFileType = text.plist.xml; path = Info.plist; sourceTree = "<group>"; };
		4CBC5C0B1EB772E200593827 /* loginandpasswordTests.xctest */ = {isa = PBXFileReference; explicitFileType = wrapper.cfbundle; includeInIndex = 0; path = loginandpasswordTests.xctest; sourceTree = BUILT_PRODUCTS_DIR; };
		4CBC5C0F1EB772E200593827 /* loginandpasswordTests.swift */ = {isa = PBXFileReference; lastKnownFileType = sourcecode.swift; path = loginandpasswordTests.swift; sourceTree = "<group>"; };
		4CBC5C111EB772E200593827 /* Info.plist */ = {isa = PBXFileReference; lastKnownFileType = text.plist.xml; path = Info.plist; sourceTree = "<group>"; };
		4CBC5C161EB772E200593827 /* loginandpasswordUITests.xctest */ = {isa = PBXFileReference; explicitFileType = wrapper.cfbundle; includeInIndex = 0; path = loginandpasswordUITests.xctest; sourceTree = BUILT_PRODUCTS_DIR; };
		4CBC5C1A1EB772E200593827 /* loginandpasswordUITests.swift */ = {isa = PBXFileReference; lastKnownFileType = sourcecode.swift; path = loginandpasswordUITests.swift; sourceTree = "<group>"; };
		4CBC5C1C1EB772E200593827 /* Info.plist */ = {isa = PBXFileReference; lastKnownFileType = text.plist.xml; path = Info.plist; sourceTree = "<group>"; };
		88764468E7DE090DA9D4B87D /* Pods_loginandpassword.framework */ = {isa = PBXFileReference; explicitFileType = wrapper.framework; includeInIndex = 0; path = Pods_loginandpassword.framework; sourceTree = BUILT_PRODUCTS_DIR; };
		9152173771B3DF1D3C33AEAA /* Pods_loginandpasswordTests.framework */ = {isa = PBXFileReference; explicitFileType = wrapper.framework; includeInIndex = 0; path = Pods_loginandpasswordTests.framework; sourceTree = BUILT_PRODUCTS_DIR; };
		A63FC656434329E2A3195B5D /* Pods-loginandpasswordUITests.release.xcconfig */ = {isa = PBXFileReference; includeInIndex = 1; lastKnownFileType = text.xcconfig; name = "Pods-loginandpasswordUITests.release.xcconfig"; path = "Pods/Target Support Files/Pods-loginandpasswordUITests/Pods-loginandpasswordUITests.release.xcconfig"; sourceTree = "<group>"; };
		C7F1FC1174EB3F594462DA9A /* Pods-loginandpasswordUITests.debug.xcconfig */ = {isa = PBXFileReference; includeInIndex = 1; lastKnownFileType = text.xcconfig; name = "Pods-loginandpasswordUITests.debug.xcconfig"; path = "Pods/Target Support Files/Pods-loginandpasswordUITests/Pods-loginandpasswordUITests.debug.xcconfig"; sourceTree = "<group>"; };
		C8CD17E8502C573F81D28ECE /* Pods-loginandpassword.release.xcconfig */ = {isa = PBXFileReference; includeInIndex = 1; lastKnownFileType = text.xcconfig; name = "Pods-loginandpassword.release.xcconfig"; path = "Pods/Target Support Files/Pods-loginandpassword/Pods-loginandpassword.release.xcconfig"; sourceTree = "<group>"; };
		D9EDE95DBA76D2982EF41AD0 /* Pods_loginandpasswordUITests.framework */ = {isa = PBXFileReference; explicitFileType = wrapper.framework; includeInIndex = 0; path = Pods_loginandpasswordUITests.framework; sourceTree = BUILT_PRODUCTS_DIR; };
		E6C151643FBBEE045FB55C29 /* Pods-loginandpassword.debug.xcconfig */ = {isa = PBXFileReference; includeInIndex = 1; lastKnownFileType = text.xcconfig; name = "Pods-loginandpassword.debug.xcconfig"; path = "Pods/Target Support Files/Pods-loginandpassword/Pods-loginandpassword.debug.xcconfig"; sourceTree = "<group>"; };
		ECFAA11A348F4756148D16B3 /* Pods-loginandpasswordTests.release.xcconfig */ = {isa = PBXFileReference; includeInIndex = 1; lastKnownFileType = text.xcconfig; name = "Pods-loginandpasswordTests.release.xcconfig"; path = "Pods/Target Support Files/Pods-loginandpasswordTests/Pods-loginandpasswordTests.release.xcconfig"; sourceTree = "<group>"; };
		F5732210298CD2A59B79B8C0 /* Pods-loginandpasswordTests.debug.xcconfig */ = {isa = PBXFileReference; includeInIndex = 1; lastKnownFileType = text.xcconfig; name = "Pods-loginandpasswordTests.debug.xcconfig"; path = "Pods/Target Support Files/Pods-loginandpasswordTests/Pods-loginandpasswordTests.debug.xcconfig"; sourceTree = "<group>"; };
/* End PBXFileReference section */

/* Begin PBXFrameworksBuildPhase section */
		4CBC5BF41EB772E200593827 /* Frameworks */ = {
			isa = PBXFrameworksBuildPhase;
			buildActionMask = 2147483647;
			files = (
				BE303B526A2039848C29DFF4 /* Pods_loginandpassword.framework in Frameworks */,
			);
			runOnlyForDeploymentPostprocessing = 0;
		};
		4CBC5C081EB772E200593827 /* Frameworks */ = {
			isa = PBXFrameworksBuildPhase;
			buildActionMask = 2147483647;
			files = (
				F493D2E5DAB329DCA4C04694 /* Pods_loginandpasswordTests.framework in Frameworks */,
			);
			runOnlyForDeploymentPostprocessing = 0;
		};
		4CBC5C131EB772E200593827 /* Frameworks */ = {
			isa = PBXFrameworksBuildPhase;
			buildActionMask = 2147483647;
			files = (
				FB79DEF5CE872FBC61BE6AE3 /* Pods_loginandpasswordUITests.framework in Frameworks */,
			);
			runOnlyForDeploymentPostprocessing = 0;
		};
/* End PBXFrameworksBuildPhase section */

/* Begin PBXGroup section */
		4BFFB924B959F96F4DBA2492 /* Pods */ = {
			isa = PBXGroup;
			children = (
				E6C151643FBBEE045FB55C29 /* Pods-loginandpassword.debug.xcconfig */,
				C8CD17E8502C573F81D28ECE /* Pods-loginandpassword.release.xcconfig */,
				F5732210298CD2A59B79B8C0 /* Pods-loginandpasswordTests.debug.xcconfig */,
				ECFAA11A348F4756148D16B3 /* Pods-loginandpasswordTests.release.xcconfig */,
				C7F1FC1174EB3F594462DA9A /* Pods-loginandpasswordUITests.debug.xcconfig */,
				A63FC656434329E2A3195B5D /* Pods-loginandpasswordUITests.release.xcconfig */,
			);
			name = Pods;
			sourceTree = "<group>";
		};
		4CBC5BEE1EB772E200593827 = {
			isa = PBXGroup;
			children = (
				4CB1CCC01EC7518F00F0C7E5 /* forgotPassword.swift */,
				4CBC5BF91EB772E200593827 /* loginandpassword */,
				4CBC5C0E1EB772E200593827 /* loginandpasswordTests */,
				4CBC5C191EB772E200593827 /* loginandpasswordUITests */,
				4CBC5BF81EB772E200593827 /* Products */,
				4BFFB924B959F96F4DBA2492 /* Pods */,
				93BA1116FED3963EF5EFB3CE /* Frameworks */,
			);
			sourceTree = "<group>";
		};
		4CBC5BF81EB772E200593827 /* Products */ = {
			isa = PBXGroup;
			children = (
				4CBC5BF71EB772E200593827 /* loginandpassword.app */,
				4CBC5C0B1EB772E200593827 /* loginandpasswordTests.xctest */,
				4CBC5C161EB772E200593827 /* loginandpasswordUITests.xctest */,
			);
			name = Products;
			sourceTree = "<group>";
		};
		4CBC5BF91EB772E200593827 /* loginandpassword */ = {
			isa = PBXGroup;
			children = (
				4CBC5BFA1EB772E200593827 /* AppDelegate.swift */,
				4CBC5BFC1EB772E200593827 /* ViewController.swift */,
				4CBC5BFE1EB772E200593827 /* Main.storyboard */,
				4CBC5C011EB772E200593827 /* Assets.xcassets */,
				4CBC5C031EB772E200593827 /* LaunchScreen.storyboard */,
				4CBC5C061EB772E200593827 /* Info.plist */,
				4C39D5821EC6410600A4F9A5 /* GoogleService-Info.plist */,
			);
			path = loginandpassword;
			sourceTree = "<group>";
		};
		4CBC5C0E1EB772E200593827 /* loginandpasswordTests */ = {
			isa = PBXGroup;
			children = (
				4CBC5C0F1EB772E200593827 /* loginandpasswordTests.swift */,
				4CBC5C111EB772E200593827 /* Info.plist */,
			);
			path = loginandpasswordTests;
			sourceTree = "<group>";
		};
		4CBC5C191EB772E200593827 /* loginandpasswordUITests */ = {
			isa = PBXGroup;
			children = (
				4CBC5C1A1EB772E200593827 /* loginandpasswordUITests.swift */,
				4CBC5C1C1EB772E200593827 /* Info.plist */,
			);
			path = loginandpasswordUITests;
			sourceTree = "<group>";
		};
		93BA1116FED3963EF5EFB3CE /* Frameworks */ = {
			isa = PBXGroup;
			children = (
				88764468E7DE090DA9D4B87D /* Pods_loginandpassword.framework */,
				9152173771B3DF1D3C33AEAA /* Pods_loginandpasswordTests.framework */,
				D9EDE95DBA76D2982EF41AD0 /* Pods_loginandpasswordUITests.framework */,
			);
			name = Frameworks;
			sourceTree = "<group>";
		};
/* End PBXGroup section */

/* Begin PBXNativeTarget section */
		4CBC5BF61EB772E200593827 /* loginandpassword */ = {
			isa = PBXNativeTarget;
			buildConfigurationList = 4CBC5C1F1EB772E200593827 /* Build configuration list for PBXNativeTarget "loginandpassword" */;
			buildPhases = (
				14C4AFDCE7F4FC2386A1921C /* [CP] Check Pods Manifest.lock */,
				4CBC5BF31EB772E200593827 /* Sources */,
				4CBC5BF41EB772E200593827 /* Frameworks */,
				4CBC5BF51EB772E200593827 /* Resources */,
				727AF19F695B99C31194B4CA /* [CP] Embed Pods Frameworks */,
				A06EC9CC1C8255B36CD7D643 /* [CP] Copy Pods Resources */,
			);
			buildRules = (
			);
			dependencies = (
			);
			name = loginandpassword;
			productName = loginandpassword;
			productReference = 4CBC5BF71EB772E200593827 /* loginandpassword.app */;
			productType = "com.apple.product-type.application";
		};
		4CBC5C0A1EB772E200593827 /* loginandpasswordTests */ = {
			isa = PBXNativeTarget;
			buildConfigurationList = 4CBC5C221EB772E200593827 /* Build configuration list for PBXNativeTarget "loginandpasswordTests" */;
			buildPhases = (
				0D30D4CFBFBAC60146E5317E /* [CP] Check Pods Manifest.lock */,
				4CBC5C071EB772E200593827 /* Sources */,
				4CBC5C081EB772E200593827 /* Frameworks */,
				4CBC5C091EB772E200593827 /* Resources */,
				56A11C9B988BC9476BC82F57 /* [CP] Embed Pods Frameworks */,
				DE1A47C878F15A8A552D819E /* [CP] Copy Pods Resources */,
			);
			buildRules = (
			);
			dependencies = (
				4CBC5C0D1EB772E200593827 /* PBXTargetDependency */,
			);
			name = loginandpasswordTests;
			productName = loginandpasswordTests;
			productReference = 4CBC5C0B1EB772E200593827 /* loginandpasswordTests.xctest */;
			productType = "com.apple.product-type.bundle.unit-test";
		};
		4CBC5C151EB772E200593827 /* loginandpasswordUITests */ = {
			isa = PBXNativeTarget;
			buildConfigurationList = 4CBC5C251EB772E200593827 /* Build configuration list for PBXNativeTarget "loginandpasswordUITests" */;
			buildPhases = (
				39F95CB1CE95886056E16034 /* [CP] Check Pods Manifest.lock */,
				4CBC5C121EB772E200593827 /* Sources */,
				4CBC5C131EB772E200593827 /* Frameworks */,
				4CBC5C141EB772E200593827 /* Resources */,
				6ABAF348409B8986EC7F9D56 /* [CP] Embed Pods Frameworks */,
				2474D75A2E0E8DE6734F23EE /* [CP] Copy Pods Resources */,
			);
			buildRules = (
			);
			dependencies = (
				4CBC5C181EB772E200593827 /* PBXTargetDependency */,
			);
			name = loginandpasswordUITests;
			productName = loginandpasswordUITests;
			productReference = 4CBC5C161EB772E200593827 /* loginandpasswordUITests.xctest */;
			productType = "com.apple.product-type.bundle.ui-testing";
		};
/* End PBXNativeTarget section */

/* Begin PBXProject section */
		4CBC5BEF1EB772E200593827 /* Project object */ = {
			isa = PBXProject;
			attributes = {
				LastSwiftUpdateCheck = 0820;
				LastUpgradeCheck = 0820;
				ORGANIZATIONNAME = "Robert  Tregaskes";
				TargetAttributes = {
					4CBC5BF61EB772E200593827 = {
						CreatedOnToolsVersion = 8.2.1;
						ProvisioningStyle = Automatic;
					};
					4CBC5C0A1EB772E200593827 = {
						CreatedOnToolsVersion = 8.2.1;
						ProvisioningStyle = Automatic;
						TestTargetID = 4CBC5BF61EB772E200593827;
					};
					4CBC5C151EB772E200593827 = {
						CreatedOnToolsVersion = 8.2.1;
						ProvisioningStyle = Automatic;
						TestTargetID = 4CBC5BF61EB772E200593827;
					};
				};
			};
			buildConfigurationList = 4CBC5BF21EB772E200593827 /* Build configuration list for PBXProject "loginandpassword" */;
			compatibilityVersion = "Xcode 3.2";
			developmentRegion = English;
			hasScannedForEncodings = 0;
			knownRegions = (
				en,
				Base,
			);
			mainGroup = 4CBC5BEE1EB772E200593827;
			productRefGroup = 4CBC5BF81EB772E200593827 /* Products */;
			projectDirPath = "";
			projectRoot = "";
			targets = (
				4CBC5BF61EB772E200593827 /* loginandpassword */,
				4CBC5C0A1EB772E200593827 /* loginandpasswordTests */,
				4CBC5C151EB772E200593827 /* loginandpasswordUITests */,
			);
		};
/* End PBXProject section */

/* Begin PBXResourcesBuildPhase section */
		4CBC5BF51EB772E200593827 /* Resources */ = {
			isa = PBXResourcesBuildPhase;
			buildActionMask = 2147483647;
			files = (
				4CBC5C051EB772E200593827 /* LaunchScreen.storyboard in Resources */,
				4C39D5831EC6410600A4F9A5 /* GoogleService-Info.plist in Resources */,
				4CBC5C021EB772E200593827 /* Assets.xcassets in Resources */,
				4CBC5C001EB772E200593827 /* Main.storyboard in Resources */,
			);
			runOnlyForDeploymentPostprocessing = 0;
		};
		4CBC5C091EB772E200593827 /* Resources */ = {
			isa = PBXResourcesBuildPhase;
			buildActionMask = 2147483647;
			files = (
			);
			runOnlyForDeploymentPostprocessing = 0;
		};
		4CBC5C141EB772E200593827 /* Resources */ = {
			isa = PBXResourcesBuildPhase;
			buildActionMask = 2147483647;
			files = (
			);
			runOnlyForDeploymentPostprocessing = 0;
		};
/* End PBXResourcesBuildPhase section */

/* Begin PBXShellScriptBuildPhase section */
		0D30D4CFBFBAC60146E5317E /* [CP] Check Pods Manifest.lock */ = {
			isa = PBXShellScriptBuildPhase;
			buildActionMask = 2147483647;
			files = (
			);
			inputPaths = (
			);
			name = "[CP] Check Pods Manifest.lock";
			outputPaths = (
			);
			runOnlyForDeploymentPostprocessing = 0;
			shellPath = /bin/sh;
			shellScript = "diff \"${PODS_PODFILE_DIR_PATH}/Podfile.lock\" \"${PODS_ROOT}/Manifest.lock\" > /dev/null\nif [ $? != 0 ] ; then\n    # print error to STDERR\n    echo \"error: The sandbox is not in sync with the Podfile.lock. Run 'pod install' or update your CocoaPods installation.\" >&2\n    exit 1\nfi\n";
			showEnvVarsInLog = 0;
		};
		14C4AFDCE7F4FC2386A1921C /* [CP] Check Pods Manifest.lock */ = {
			isa = PBXShellScriptBuildPhase;
			buildActionMask = 2147483647;
			files = (
			);
			inputPaths = (
			);
			name = "[CP] Check Pods Manifest.lock";
			outputPaths = (
			);
			runOnlyForDeploymentPostprocessing = 0;
			shellPath = /bin/sh;
			shellScript = "diff \"${PODS_PODFILE_DIR_PATH}/Podfile.lock\" \"${PODS_ROOT}/Manifest.lock\" > /dev/null\nif [ $? != 0 ] ; then\n    # print error to STDERR\n    echo \"error: The sandbox is not in sync with the Podfile.lock. Run 'pod install' or update your CocoaPods installation.\" >&2\n    exit 1\nfi\n";
			showEnvVarsInLog = 0;
		};
		2474D75A2E0E8DE6734F23EE /* [CP] Copy Pods Resources */ = {
			isa = PBXShellScriptBuildPhase;
			buildActionMask = 2147483647;
			files = (
			);
			inputPaths = (
			);
			name = "[CP] Copy Pods Resources";
			outputPaths = (
			);
			runOnlyForDeploymentPostprocessing = 0;
			shellPath = /bin/sh;
			shellScript = "\"${SRCROOT}/Pods/Target Support Files/Pods-loginandpasswordUITests/Pods-loginandpasswordUITests-resources.sh\"\n";
			showEnvVarsInLog = 0;
		};
		39F95CB1CE95886056E16034 /* [CP] Check Pods Manifest.lock */ = {
			isa = PBXShellScriptBuildPhase;
			buildActionMask = 2147483647;
			files = (
			);
			inputPaths = (
			);
			name = "[CP] Check Pods Manifest.lock";
			outputPaths = (
			);
			runOnlyForDeploymentPostprocessing = 0;
			shellPath = /bin/sh;
			shellScript = "diff \"${PODS_PODFILE_DIR_PATH}/Podfile.lock\" \"${PODS_ROOT}/Manifest.lock\" > /dev/null\nif [ $? != 0 ] ; then\n    # print error to STDERR\n    echo \"error: The sandbox is not in sync with the Podfile.lock. Run 'pod install' or update your CocoaPods installation.\" >&2\n    exit 1\nfi\n";
			showEnvVarsInLog = 0;
		};
		56A11C9B988BC9476BC82F57 /* [CP] Embed Pods Frameworks */ = {
			isa = PBXShellScriptBuildPhase;
			buildActionMask = 2147483647;
			files = (
			);
			inputPaths = (
			);
			name = "[CP] Embed Pods Frameworks";
			outputPaths = (
			);
			runOnlyForDeploymentPostprocessing = 0;
			shellPath = /bin/sh;
			shellScript = "\"${SRCROOT}/Pods/Target Support Files/Pods-loginandpasswordTests/Pods-loginandpasswordTests-frameworks.sh\"\n";
			showEnvVarsInLog = 0;
		};
		6ABAF348409B8986EC7F9D56 /* [CP] Embed Pods Frameworks */ = {
			isa = PBXShellScriptBuildPhase;
			buildActionMask = 2147483647;
			files = (
			);
			inputPaths = (
			);
			name = "[CP] Embed Pods Frameworks";
			outputPaths = (
			);
			runOnlyForDeploymentPostprocessing = 0;
			shellPath = /bin/sh;
			shellScript = "\"${SRCROOT}/Pods/Target Support Files/Pods-loginandpasswordUITests/Pods-loginandpasswordUITests-frameworks.sh\"\n";
			showEnvVarsInLog = 0;
		};
		727AF19F695B99C31194B4CA /* [CP] Embed Pods Frameworks */ = {
			isa = PBXShellScriptBuildPhase;
			buildActionMask = 2147483647;
			files = (
			);
			inputPaths = (
			);
			name = "[CP] Embed Pods Frameworks";
			outputPaths = (
			);
			runOnlyForDeploymentPostprocessing = 0;
			shellPath = /bin/sh;
			shellScript = "\"${SRCROOT}/Pods/Target Support Files/Pods-loginandpassword/Pods-loginandpassword-frameworks.sh\"\n";
			showEnvVarsInLog = 0;
		};
		A06EC9CC1C8255B36CD7D643 /* [CP] Copy Pods Resources */ = {
			isa = PBXShellScriptBuildPhase;
			buildActionMask = 2147483647;
			files = (
			);
			inputPaths = (
			);
			name = "[CP] Copy Pods Resources";
			outputPaths = (
			);
			runOnlyForDeploymentPostprocessing = 0;
			shellPath = /bin/sh;
			shellScript = "\"${SRCROOT}/Pods/Target Support Files/Pods-loginandpassword/Pods-loginandpassword-resources.sh\"\n";
			showEnvVarsInLog = 0;
		};
		DE1A47C878F15A8A552D819E /* [CP] Copy Pods Resources */ = {
			isa = PBXShellScriptBuildPhase;
			buildActionMask = 2147483647;
			files = (
			);
			inputPaths = (
			);
			name = "[CP] Copy Pods Resources";
			outputPaths = (
			);
			runOnlyForDeploymentPostprocessing = 0;
			shellPath = /bin/sh;
			shellScript = "\"${SRCROOT}/Pods/Target Support Files/Pods-loginandpasswordTests/Pods-loginandpasswordTests-resources.sh\"\n";
			showEnvVarsInLog = 0;
		};
/* End PBXShellScriptBuildPhase section */

/* Begin PBXSourcesBuildPhase section */
		4CBC5BF31EB772E200593827 /* Sources */ = {
			isa = PBXSourcesBuildPhase;
			buildActionMask = 2147483647;
			files = (
				4CBC5BFD1EB772E200593827 /* ViewController.swift in Sources */,
				4CBC5BFB1EB772E200593827 /* AppDelegate.swift in Sources */,
				4CB1CCC11EC7518F00F0C7E5 /* forgotPassword.swift in Sources */,
			);
			runOnlyForDeploymentPostprocessing = 0;
		};
		4CBC5C071EB772E200593827 /* Sources */ = {
			isa = PBXSourcesBuildPhase;
			buildActionMask = 2147483647;
			files = (
				4CBC5C101EB772E200593827 /* loginandpasswordTests.swift in Sources */,
			);
			runOnlyForDeploymentPostprocessing = 0;
		};
		4CBC5C121EB772E200593827 /* Sources */ = {
			isa = PBXSourcesBuildPhase;
			buildActionMask = 2147483647;
			files = (
				4CBC5C1B1EB772E200593827 /* loginandpasswordUITests.swift in Sources */,
			);
			runOnlyForDeploymentPostprocessing = 0;
		};
/* End PBXSourcesBuildPhase section */

/* Begin PBXTargetDependency section */
		4CBC5C0D1EB772E200593827 /* PBXTargetDependency */ = {
			isa = PBXTargetDependency;
			target = 4CBC5BF61EB772E200593827 /* loginandpassword */;
			targetProxy = 4CBC5C0C1EB772E200593827 /* PBXContainerItemProxy */;
		};
		4CBC5C181EB772E200593827 /* PBXTargetDependency */ = {
			isa = PBXTargetDependency;
			target = 4CBC5BF61EB772E200593827 /* loginandpassword */;
			targetProxy = 4CBC5C171EB772E200593827 /* PBXContainerItemProxy */;
		};
/* End PBXTargetDependency section */

/* Begin PBXVariantGroup section */
		4CBC5BFE1EB772E200593827 /* Main.storyboard */ = {
			isa = PBXVariantGroup;
			children = (
				4CBC5BFF1EB772E200593827 /* Base */,
			);
			name = Main.storyboard;
			sourceTree = "<group>";
		};
		4CBC5C031EB772E200593827 /* LaunchScreen.storyboard */ = {
			isa = PBXVariantGroup;
			children = (
				4CBC5C041EB772E200593827 /* Base */,
			);
			name = LaunchScreen.storyboard;
			sourceTree = "<group>";
		};
/* End PBXVariantGroup section */

/* Begin XCBuildConfiguration section */
		4CBC5C1D1EB772E200593827 /* Debug */ = {
			isa = XCBuildConfiguration;
			buildSettings = {
				ALWAYS_SEARCH_USER_PATHS = NO;
				CLANG_ANALYZER_NONNULL = YES;
				CLANG_CXX_LANGUAGE_STANDARD = "gnu++0x";
				CLANG_CXX_LIBRARY = "libc++";
				CLANG_ENABLE_MODULES = YES;
				CLANG_ENABLE_OBJC_ARC = YES;
				CLANG_WARN_BOOL_CONVERSION = YES;
				CLANG_WARN_CONSTANT_CONVERSION = YES;
				CLANG_WARN_DIRECT_OBJC_ISA_USAGE = YES_ERROR;
				CLANG_WARN_DOCUMENTATION_COMMENTS = YES;
				CLANG_WARN_EMPTY_BODY = YES;
				CLANG_WARN_ENUM_CONVERSION = YES;
				CLANG_WARN_INFINITE_RECURSION = YES;
				CLANG_WARN_INT_CONVERSION = YES;
				CLANG_WARN_OBJC_ROOT_CLASS = YES_ERROR;
				CLANG_WARN_SUSPICIOUS_MOVE = YES;
				CLANG_WARN_UNREACHABLE_CODE = YES;
				CLANG_WARN__DUPLICATE_METHOD_MATCH = YES;
				"CODE_SIGN_IDENTITY[sdk=iphoneos*]" = "iPhone Developer";
				COPY_PHASE_STRIP = NO;
				DEBUG_INFORMATION_FORMAT = dwarf;
				ENABLE_STRICT_OBJC_MSGSEND = YES;
				ENABLE_TESTABILITY = YES;
				GCC_C_LANGUAGE_STANDARD = gnu99;
				GCC_DYNAMIC_NO_PIC = NO;
				GCC_NO_COMMON_BLOCKS = YES;
				GCC_OPTIMIZATION_LEVEL = 0;
				GCC_PREPROCESSOR_DEFINITIONS = (
					"DEBUG=1",
					"$(inherited)",
				);
				GCC_WARN_64_TO_32_BIT_CONVERSION = YES;
				GCC_WARN_ABOUT_RETURN_TYPE = YES_ERROR;
				GCC_WARN_UNDECLARED_SELECTOR = YES;
				GCC_WARN_UNINITIALIZED_AUTOS = YES_AGGRESSIVE;
				GCC_WARN_UNUSED_FUNCTION = YES;
				GCC_WARN_UNUSED_VARIABLE = YES;
				IPHONEOS_DEPLOYMENT_TARGET = 10.2;
				MTL_ENABLE_DEBUG_INFO = YES;
				ONLY_ACTIVE_ARCH = YES;
				SDKROOT = iphoneos;
				SWIFT_ACTIVE_COMPILATION_CONDITIONS = DEBUG;
				SWIFT_OPTIMIZATION_LEVEL = "-Onone";
				TARGETED_DEVICE_FAMILY = "1,2";
			};
			name = Debug;
		};
		4CBC5C1E1EB772E200593827 /* Release */ = {
			isa = XCBuildConfiguration;
			buildSettings = {
				ALWAYS_SEARCH_USER_PATHS = NO;
				CLANG_ANALYZER_NONNULL = YES;
				CLANG_CXX_LANGUAGE_STANDARD = "gnu++0x";
				CLANG_CXX_LIBRARY = "libc++";
				CLANG_ENABLE_MODULES = YES;
				CLANG_ENABLE_OBJC_ARC = YES;
				CLANG_WARN_BOOL_CONVERSION = YES;
				CLANG_WARN_CONSTANT_CONVERSION = YES;
				CLANG_WARN_DIRECT_OBJC_ISA_USAGE = YES_ERROR;
				CLANG_WARN_DOCUMENTATION_COMMENTS = YES;
				CLANG_WARN_EMPTY_BODY = YES;
				CLANG_WARN_ENUM_CONVERSION = YES;
				CLANG_WARN_INFINITE_RECURSION = YES;
				CLANG_WARN_INT_CONVERSION = YES;
				CLANG_WARN_OBJC_ROOT_CLASS = YES_ERROR;
				CLANG_WARN_SUSPICIOUS_MOVE = YES;
				CLANG_WARN_UNREACHABLE_CODE = YES;
				CLANG_WARN__DUPLICATE_METHOD_MATCH = YES;
				"CODE_SIGN_IDENTITY[sdk=iphoneos*]" = "iPhone Developer";
				COPY_PHASE_STRIP = NO;
				DEBUG_INFORMATION_FORMAT = "dwarf-with-dsym";
				ENABLE_NS_ASSERTIONS = NO;
				ENABLE_STRICT_OBJC_MSGSEND = YES;
				GCC_C_LANGUAGE_STANDARD = gnu99;
				GCC_NO_COMMON_BLOCKS = YES;
				GCC_WARN_64_TO_32_BIT_CONVERSION = YES;
				GCC_WARN_ABOUT_RETURN_TYPE = YES_ERROR;
				GCC_WARN_UNDECLARED_SELECTOR = YES;
				GCC_WARN_UNINITIALIZED_AUTOS = YES_AGGRESSIVE;
				GCC_WARN_UNUSED_FUNCTION = YES;
				GCC_WARN_UNUSED_VARIABLE = YES;
				IPHONEOS_DEPLOYMENT_TARGET = 10.2;
				MTL_ENABLE_DEBUG_INFO = NO;
				SDKROOT = iphoneos;
				SWIFT_OPTIMIZATION_LEVEL = "-Owholemodule";
				TARGETED_DEVICE_FAMILY = "1,2";
				VALIDATE_PRODUCT = YES;
			};
			name = Release;
		};
		4CBC5C201EB772E200593827 /* Debug */ = {
			isa = XCBuildConfiguration;
			baseConfigurationReference = E6C151643FBBEE045FB55C29 /* Pods-loginandpassword.debug.xcconfig */;
			buildSettings = {
				ASSETCATALOG_COMPILER_APPICON_NAME = AppIcon;
				INFOPLIST_FILE = loginandpassword/Info.plist;
				LD_RUNPATH_SEARCH_PATHS = "$(inherited) @executable_path/Frameworks";
				PRODUCT_BUNDLE_IDENTIFIER = RobTre.loginandpassword;
				PRODUCT_NAME = "$(TARGET_NAME)";
				SWIFT_VERSION = 3.0;
			};
			name = Debug;
		};
		4CBC5C211EB772E200593827 /* Release */ = {
			isa = XCBuildConfiguration;
			baseConfigurationReference = C8CD17E8502C573F81D28ECE /* Pods-loginandpassword.release.xcconfig */;
			buildSettings = {
				ASSETCATALOG_COMPILER_APPICON_NAME = AppIcon;
				INFOPLIST_FILE = loginandpassword/Info.plist;
				LD_RUNPATH_SEARCH_PATHS = "$(inherited) @executable_path/Frameworks";
				PRODUCT_BUNDLE_IDENTIFIER = RobTre.loginandpassword;
				PRODUCT_NAME = "$(TARGET_NAME)";
				SWIFT_VERSION = 3.0;
			};
			name = Release;
		};
		4CBC5C231EB772E200593827 /* Debug */ = {
			isa = XCBuildConfiguration;
			baseConfigurationReference = F5732210298CD2A59B79B8C0 /* Pods-loginandpasswordTests.debug.xcconfig */;
			buildSettings = {
				ALWAYS_EMBED_SWIFT_STANDARD_LIBRARIES = YES;
				BUNDLE_LOADER = "$(TEST_HOST)";
				INFOPLIST_FILE = loginandpasswordTests/Info.plist;
				LD_RUNPATH_SEARCH_PATHS = "$(inherited) @executable_path/Frameworks @loader_path/Frameworks";
				PRODUCT_BUNDLE_IDENTIFIER = RobTre.loginandpasswordTests;
				PRODUCT_NAME = "$(TARGET_NAME)";
				SWIFT_VERSION = 3.0;
				TEST_HOST = "$(BUILT_PRODUCTS_DIR)/loginandpassword.app/loginandpassword";
			};
			name = Debug;
		};
		4CBC5C241EB772E200593827 /* Release */ = {
			isa = XCBuildConfiguration;
			baseConfigurationReference = ECFAA11A348F4756148D16B3 /* Pods-loginandpasswordTests.release.xcconfig */;
			buildSettings = {
				ALWAYS_EMBED_SWIFT_STANDARD_LIBRARIES = YES;
				BUNDLE_LOADER = "$(TEST_HOST)";
				INFOPLIST_FILE = loginandpasswordTests/Info.plist;
				LD_RUNPATH_SEARCH_PATHS = "$(inherited) @executable_path/Frameworks @loader_path/Frameworks";
				PRODUCT_BUNDLE_IDENTIFIER = RobTre.loginandpasswordTests;
				PRODUCT_NAME = "$(TARGET_NAME)";
				SWIFT_VERSION = 3.0;
				TEST_HOST = "$(BUILT_PRODUCTS_DIR)/loginandpassword.app/loginandpassword";
			};
			name = Release;
		};
		4CBC5C261EB772E200593827 /* Debug */ = {
			isa = XCBuildConfiguration;
			baseConfigurationReference = C7F1FC1174EB3F594462DA9A /* Pods-loginandpasswordUITests.debug.xcconfig */;
			buildSettings = {
				ALWAYS_EMBED_SWIFT_STANDARD_LIBRARIES = YES;
				INFOPLIST_FILE = loginandpasswordUITests/Info.plist;
				LD_RUNPATH_SEARCH_PATHS = "$(inherited) @executable_path/Frameworks @loader_path/Frameworks";
				PRODUCT_BUNDLE_IDENTIFIER = RobTre.loginandpasswordUITests;
				PRODUCT_NAME = "$(TARGET_NAME)";
				SWIFT_VERSION = 3.0;
				TEST_TARGET_NAME = loginandpassword;
			};
			name = Debug;
		};
		4CBC5C271EB772E200593827 /* Release */ = {
			isa = XCBuildConfiguration;
			baseConfigurationReference = A63FC656434329E2A3195B5D /* Pods-loginandpasswordUITests.release.xcconfig */;
			buildSettings = {
				ALWAYS_EMBED_SWIFT_STANDARD_LIBRARIES = YES;
				INFOPLIST_FILE = loginandpasswordUITests/Info.plist;
				LD_RUNPATH_SEARCH_PATHS = "$(inherited) @executable_path/Frameworks @loader_path/Frameworks";
				PRODUCT_BUNDLE_IDENTIFIER = RobTre.loginandpasswordUITests;
				PRODUCT_NAME = "$(TARGET_NAME)";
				SWIFT_VERSION = 3.0;
				TEST_TARGET_NAME = loginandpassword;
			};
			name = Release;
		};
/* End XCBuildConfiguration section */

/* Begin XCConfigurationList section */
		4CBC5BF21EB772E200593827 /* Build configuration list for PBXProject "loginandpassword" */ = {
			isa = XCConfigurationList;
			buildConfigurations = (
				4CBC5C1D1EB772E200593827 /* Debug */,
				4CBC5C1E1EB772E200593827 /* Release */,
			);
			defaultConfigurationIsVisible = 0;
			defaultConfigurationName = Release;
		};
		4CBC5C1F1EB772E200593827 /* Build configuration list for PBXNativeTarget "loginandpassword" */ = {
			isa = XCConfigurationList;
			buildConfigurations = (
				4CBC5C201EB772E200593827 /* Debug */,
				4CBC5C211EB772E200593827 /* Release */,
			);
			defaultConfigurationIsVisible = 0;
			defaultConfigurationName = Release;
		};
		4CBC5C221EB772E200593827 /* Build configuration list for PBXNativeTarget "loginandpasswordTests" */ = {
			isa = XCConfigurationList;
			buildConfigurations = (
				4CBC5C231EB772E200593827 /* Debug */,
				4CBC5C241EB772E200593827 /* Release */,
			);
			defaultConfigurationIsVisible = 0;
			defaultConfigurationName = Release;
		};
		4CBC5C251EB772E200593827 /* Build configuration list for PBXNativeTarget "loginandpasswordUITests" */ = {
			isa = XCConfigurationList;
			buildConfigurations = (
				4CBC5C261EB772E200593827 /* Debug */,
				4CBC5C271EB772E200593827 /* Release */,
			);
			defaultConfigurationIsVisible = 0;
			defaultConfigurationName = Release;
		};
/* End XCConfigurationList section */
	};
	rootObject = 4CBC5BEF1EB772E200593827 /* Project object */;
}
